
Microsoft Visual Studio Solution File, Format Version 12.00
# Visual Studio Version 17
VisualStudioVersion = 17.0.31903.59
MinimumVisualStudioVersion = 10.0.40219.1
Project("{2150E333-8FDC-42A3-9474-1A3956D46DE8}") = "backend", "backend", "{1AE8ACA6-933B-BF2A-3671-3E2EAC007D16}"
EndProject
Project("{FAE04EC0-301F-11D3-BF4B-00C04F79EFBC}") = "KBS.API", "backend\KBS.API\KBS.API.csproj", "{EA80F25C-92FD-451D-8395-D1E312951710}"
EndProject
Project("{FAE04EC0-301F-11D3-BF4B-00C04F79EFBC}") = "KBS.BLL", "backend\KBS.BLL\KBS.BLL.csproj", "{46FF8B2D-E33E-4BD2-866D-E753440F8876}"
EndProject
Project("{FAE04EC0-301F-11D3-BF4B-00C04F79EFBC}") = "KBS.DAL", "backend\KBS.DAL\KBS.DAL.csproj", "{6CBB22A0-A568-46B8-A9A0-40AEA109996F}"
EndProject
Project("{FAE04EC0-301F-11D3-BF4B-00C04F79EFBC}") = "KBS.Models", "backend\KBS.Models\KBS.Models.csproj", "{7363D7D5-91EF-4196-B334-4E4A5D2C2602}"
EndProject
Project("{FAE04EC0-301F-11D3-BF4B-00C04F79EFBC}") = "KBS.Tests", "backend\KBS.Tests\KBS.Tests.csproj", "{68021D08-FB69-4E5E-A16C-A5B4E3C1FF22}"
EndProject
Global
	GlobalSection(SolutionConfigurationPlatforms) = preSolution
		Debug|Any CPU = Debug|Any CPU
		Debug|x64 = Debug|x64
		Debug|x86 = Debug|x86
		Release|Any CPU = Release|Any CPU
		Release|x64 = Release|x64
		Release|x86 = Release|x86
	EndGlobalSection
	GlobalSection(ProjectConfigurationPlatforms) = postSolution
		{EA80F25C-92FD-451D-8395-D1E312951710}.Debug|Any CPU.ActiveCfg = Debug|Any CPU
		{EA80F25C-92FD-451D-8395-D1E312951710}.Debug|Any CPU.Build.0 = Debug|Any CPU
		{EA80F25C-92FD-451D-8395-D1E312951710}.Debug|x64.ActiveCfg = Debug|Any CPU
		{EA80F25C-92FD-451D-8395-D1E312951710}.Debug|x64.Build.0 = Debug|Any CPU
		{EA80F25C-92FD-451D-8395-D1E312951710}.Debug|x86.ActiveCfg = Debug|Any CPU
		{EA80F25C-92FD-451D-8395-D1E312951710}.Debug|x86.Build.0 = Debug|Any CPU
		{EA80F25C-92FD-451D-8395-D1E312951710}.Release|Any CPU.ActiveCfg = Release|Any CPU
		{EA80F25C-92FD-451D-8395-D1E312951710}.Release|Any CPU.Build.0 = Release|Any CPU
		{EA80F25C-92FD-451D-8395-D1E312951710}.Release|x64.ActiveCfg = Release|Any CPU
		{EA80F25C-92FD-451D-8395-D1E312951710}.Release|x64.Build.0 = Release|Any CPU
		{EA80F25C-92FD-451D-8395-D1E312951710}.Release|x86.ActiveCfg = Release|Any CPU
		{EA80F25C-92FD-451D-8395-D1E312951710}.Release|x86.Build.0 = Release|Any CPU
		{46FF8B2D-E33E-4BD2-866D-E753440F8876}.Debug|Any CPU.ActiveCfg = Debug|Any CPU
		{46FF8B2D-E33E-4BD2-866D-E753440F8876}.Debug|Any CPU.Build.0 = Debug|Any CPU
		{46FF8B2D-E33E-4BD2-866D-E753440F8876}.Debug|x64.ActiveCfg = Debug|Any CPU
		{46FF8B2D-E33E-4BD2-866D-E753440F8876}.Debug|x64.Build.0 = Debug|Any CPU
		{46FF8B2D-E33E-4BD2-866D-E753440F8876}.Debug|x86.ActiveCfg = Debug|Any CPU
		{46FF8B2D-E33E-4BD2-866D-E753440F8876}.Debug|x86.Build.0 = Debug|Any CPU
		{46FF8B2D-E33E-4BD2-866D-E753440F8876}.Release|Any CPU.ActiveCfg = Release|Any CPU
		{46FF8B2D-E33E-4BD2-866D-E753440F8876}.Release|Any CPU.Build.0 = Release|Any CPU
		{46FF8B2D-E33E-4BD2-866D-E753440F8876}.Release|x64.ActiveCfg = Release|Any CPU
		{46FF8B2D-E33E-4BD2-866D-E753440F8876}.Release|x64.Build.0 = Release|Any CPU
		{46FF8B2D-E33E-4BD2-866D-E753440F8876}.Release|x86.ActiveCfg = Release|Any CPU
		{46FF8B2D-E33E-4BD2-866D-E753440F8876}.Release|x86.Build.0 = Release|Any CPU
		{6CBB22A0-A568-46B8-A9A0-40AEA109996F}.Debug|Any CPU.ActiveCfg = Debug|Any CPU
		{6CBB22A0-A568-46B8-A9A0-40AEA109996F}.Debug|Any CPU.Build.0 = Debug|Any CPU
		{6CBB22A0-A568-46B8-A9A0-40AEA109996F}.Debug|x64.ActiveCfg = Debug|Any CPU
		{6CBB22A0-A568-46B8-A9A0-40AEA109996F}.Debug|x64.Build.0 = Debug|Any CPU
		{6CBB22A0-A568-46B8-A9A0-40AEA109996F}.Debug|x86.ActiveCfg = Debug|Any CPU
		{6CBB22A0-A568-46B8-A9A0-40AEA109996F}.Debug|x86.Build.0 = Debug|Any CPU
		{6CBB22A0-A568-46B8-A9A0-40AEA109996F}.Release|Any CPU.ActiveCfg = Release|Any CPU
		{6CBB22A0-A568-46B8-A9A0-40AEA109996F}.Release|Any CPU.Build.0 = Release|Any CPU
		{6CBB22A0-A568-46B8-A9A0-40AEA109996F}.Release|x64.ActiveCfg = Release|Any CPU
		{6CBB22A0-A568-46B8-A9A0-40AEA109996F}.Release|x64.Build.0 = Release|Any CPU
		{6CBB22A0-A568-46B8-A9A0-40AEA109996F}.Release|x86.ActiveCfg = Release|Any CPU
		{6CBB22A0-A568-46B8-A9A0-40AEA109996F}.Release|x86.Build.0 = Release|Any CPU
		{7363D7D5-91EF-4196-B334-4E4A5D2C2602}.Debug|Any CPU.ActiveCfg = Debug|Any CPU
		{7363D7D5-91EF-4196-B334-4E4A5D2C2602}.Debug|Any CPU.Build.0 = Debug|Any CPU
		{7363D7D5-91EF-4196-B334-4E4A5D2C2602}.Debug|x64.ActiveCfg = Debug|Any CPU
		{7363D7D5-91EF-4196-B334-4E4A5D2C2602}.Debug|x64.Build.0 = Debug|Any CPU
		{7363D7D5-91EF-4196-B334-4E4A5D2C2602}.Debug|x86.ActiveCfg = Debug|Any CPU
		{7363D7D5-91EF-4196-B334-4E4A5D2C2602}.Debug|x86.Build.0 = Debug|Any CPU
		{7363D7D5-91EF-4196-B334-4E4A5D2C2602}.Release|Any CPU.ActiveCfg = Release|Any CPU
		{7363D7D5-91EF-4196-B334-4E4A5D2C2602}.Release|Any CPU.Build.0 = Release|Any CPU
		{7363D7D5-91EF-4196-B334-4E4A5D2C2602}.Release|x64.ActiveCfg = Release|Any CPU
		{7363D7D5-91EF-4196-B334-4E4A5D2C2602}.Release|x64.Build.0 = Release|Any CPU
		{7363D7D5-91EF-4196-B334-4E4A5D2C2602}.Release|x86.ActiveCfg = Release|Any CPU
		{7363D7D5-91EF-4196-B334-4E4A5D2C2602}.Release|x86.Build.0 = Release|Any CPU
		{68021D08-FB69-4E5E-A16C-A5B4E3C1FF22}.Debug|Any CPU.ActiveCfg = Debug|Any CPU
		{68021D08-FB69-4E5E-A16C-A5B4E3C1FF22}.Debug|Any CPU.Build.0 = Debug|Any CPU
		{68021D08-FB69-4E5E-A16C-A5B4E3C1FF22}.Debug|x64.ActiveCfg = Debug|Any CPU
		{68021D08-FB69-4E5E-A16C-A5B4E3C1FF22}.Debug|x64.Build.0 = Debug|Any CPU
		{68021D08-FB69-4E5E-A16C-A5B4E3C1FF22}.Debug|x86.ActiveCfg = Debug|Any CPU
		{68021D08-FB69-4E5E-A16C-A5B4E3C1FF22}.Debug|x86.Build.0 = Debug|Any CPU
		{68021D08-FB69-4E5E-A16C-A5B4E3C1FF22}.Release|Any CPU.ActiveCfg = Release|Any CPU
		{68021D08-FB69-4E5E-A16C-A5B4E3C1FF22}.Release|Any CPU.Build.0 = Release|Any CPU
		{68021D08-FB69-4E5E-A16C-A5B4E3C1FF22}.Release|x64.ActiveCfg = Release|Any CPU
		{68021D08-FB69-4E5E-A16C-A5B4E3C1FF22}.Release|x64.Build.0 = Release|Any CPU
		{68021D08-FB69-4E5E-A16C-A5B4E3C1FF22}.Release|x86.ActiveCfg = Release|Any CPU
		{68021D08-FB69-4E5E-A16C-A5B4E3C1FF22}.Release|x86.Build.0 = Release|Any CPU
	EndGlobalSection
	GlobalSection(SolutionProperties) = preSolution
		HideSolutionNode = FALSE
	EndGlobalSection
	GlobalSection(NestedProjects) = preSolution
		{EA80F25C-92FD-451D-8395-D1E312951710} = {1AE8ACA6-933B-BF2A-3671-3E2EAC007D16}
		{46FF8B2D-E33E-4BD2-866D-E753440F8876} = {1AE8ACA6-933B-BF2A-3671-3E2EAC007D16}
		{6CBB22A0-A568-46B8-A9A0-40AEA109996F} = {1AE8ACA6-933B-BF2A-3671-3E2EAC007D16}
		{7363D7D5-91EF-4196-B334-4E4A5D2C2602} = {1AE8ACA6-933B-BF2A-3671-3E2EAC007D16}
		{68021D08-FB69-4E5E-A16C-A5B4E3C1FF22} = {1AE8ACA6-933B-BF2A-3671-3E2EAC007D16}
	EndGlobalSection
EndGlobal
